
Microsoft Visual Studio Solution File, Format Version 12.00
Project("{FAE04EC0-301F-11D3-BF4B-00C04F79EFBC}") = "WorkerTestDemo", "WorkerTestDemo\WorkerTestDemo.csproj", "{08214F57-2DCF-4715-9C25-CF3E35798787}"
EndProject
Project("{FAE04EC0-301F-11D3-BF4B-00C04F79EFBC}") = "WorkerTestDemo.Tests", "WorkerTestDemo.Tests\WorkerTestDemo.Tests.csproj", "{F17E6DDE-283E-4473-9244-90E08CBFDBE9}"
EndProject
Global
	GlobalSection(SolutionConfigurationPlatforms) = preSolution
		Debug|Any CPU = Debug|Any CPU
		Release|Any CPU = Release|Any CPU
	EndGlobalSection
	GlobalSection(ProjectConfigurationPlatforms) = postSolution
		{08214F57-2DCF-4715-9C25-CF3E35798787}.Debug|Any CPU.ActiveCfg = Debug|Any CPU
		{08214F57-2DCF-4715-9C25-CF3E35798787}.Debug|Any CPU.Build.0 = Debug|Any CPU
		{08214F57-2DCF-4715-9C25-CF3E35798787}.Release|Any CPU.ActiveCfg = Release|Any CPU
		{08214F57-2DCF-4715-9C25-CF3E35798787}.Release|Any CPU.Build.0 = Release|Any CPU
		{F17E6DDE-283E-4473-9244-90E08CBFDBE9}.Debug|Any CPU.ActiveCfg = Debug|Any CPU
		{F17E6DDE-283E-4473-9244-90E08CBFDBE9}.Debug|Any CPU.Build.0 = Debug|Any CPU
		{F17E6DDE-283E-4473-9244-90E08CBFDBE9}.Release|Any CPU.ActiveCfg = Release|Any CPU
		{F17E6DDE-283E-4473-9244-90E08CBFDBE9}.Release|Any CPU.Build.0 = Release|Any CPU
	EndGlobalSection
EndGlobal
